<Solution>
  <Project Path="ShulkerRDK/ShulkerRDK.csproj" />
  <Project Path="ShulkerRDK.Shared/ShulkerRDK.Shared.csproj" />
  <Folder Name="/Shulker.Extensions/">
    <Project Path="ShulkerRDK.Aseprite/ShulkerRDK.Aseprite.csproj" />
    <Project Path="ShulkerRDK.FFmpeg/ShulkerRDK.FFmpeg.csproj" />
    <Project Path="ShulkerRDK.Modrinth/ShulkerRDK.Modrinth.csproj" />
    <Project Path="ShulkerRDK.Prismarine/ShulkerRDK.Prismarine.csproj" />
    <Project Path="ShulkerRDK.ResourceMagick/ShulkerRDK.ResourceMagick.csproj" />
    <Project Path="ShulkerRDK.RRT/ShulkerRDK.RRT.csproj" />
    <Project Path="TestExtension/TestExtension.csproj" />
  </Folder>
  <Folder Name="/Trident.Net/">
    <Project Path="submodules\Trident.Net\src\TridentCore.Abstractions\TridentCore.Abstractions.csproj" />
    <Project Path="submodules\Trident.Net\src\TridentCore.Cli\TridentCore.Cli.csproj" />
    <Project Path="submodules\Trident.Net\src\TridentCore.Core\TridentCore.Core.csproj" />
    <Project Path="submodules\Trident.Net\src\TridentCore.Purl\TridentCore.Purl.csproj" />
  </Folder>
</Solution>
